
Microsoft Visual Studio Solution File, Format Version 12.00
# Visual Studio Version 17
VisualStudioVersion = 17.8.34316.72
MinimumVisualStudioVersion = 10.0.40219.1
Project("{FAE04EC0-301F-11D3-BF4B-00C04F79EFBC}") = "AvaloniaHostingDI", "AvaloniaHostingDI\AvaloniaHostingDI.csproj", "{0D283DF2-6535-49BE-9968-08AF95893DA2}"
EndProject
Global
	GlobalSection(SolutionConfigurationPlatforms) = preSolution
		Debug|Any CPU = Debug|Any CPU
		Release|Any CPU = Release|Any CPU
	EndGlobalSection
	GlobalSection(ProjectConfigurationPlatforms) = postSolution
		{0D283DF2-6535-49BE-9968-08AF95893DA2}.Debug|Any CPU.ActiveCfg = Debug|Any CPU
		{0D283DF2-6535-49BE-9968-08AF95893DA2}.Debug|Any CPU.Build.0 = Debug|Any CPU
		{0D283DF2-6535-49BE-9968-08AF95893DA2}.Release|Any CPU.ActiveCfg = Release|Any CPU
		{0D283DF2-6535-49BE-9968-08AF95893DA2}.Release|Any CPU.Build.0 = Release|Any CPU
	EndGlobalSection
	GlobalSection(SolutionProperties) = preSolution
		HideSolutionNode = FALSE
	EndGlobalSection
	GlobalSection(ExtensibilityGlobals) = postSolution
		SolutionGuid = {B80701A6-EB0B-4E00-94B6-7793E6BABAE2}
	EndGlobalSection
EndGlobal
